
Microsoft Visual Studio Solution File, Format Version 12.00
# Visual Studio Version 17
VisualStudioVersion = 17.5.33516.290
MinimumVisualStudioVersion = 10.0.40219.1
Project("{FAE04EC0-301F-11D3-BF4B-00C04F79EFBC}") = "UnderstandingAbstractionApp", "UnderstandingAbstractionApp\UnderstandingAbstractionApp.csproj", "{3A940C21-FC4E-4C25-9FFD-AFEE451CC946}"
EndProject
Global
	GlobalSection(SolutionConfigurationPlatforms) = preSolution
		Debug|Any CPU = Debug|Any CPU
		Release|Any CPU = Release|Any CPU
	EndGlobalSection
	GlobalSection(ProjectConfigurationPlatforms) = postSolution
		{3A940C21-FC4E-4C25-9FFD-AFEE451CC946}.Debug|Any CPU.ActiveCfg = Debug|Any CPU
		{3A940C21-FC4E-4C25-9FFD-AFEE451CC946}.Debug|Any CPU.Build.0 = Debug|Any CPU
		{3A940C21-FC4E-4C25-9FFD-AFEE451CC946}.Release|Any CPU.ActiveCfg = Release|Any CPU
		{3A940C21-FC4E-4C25-9FFD-AFEE451CC946}.Release|Any CPU.Build.0 = Release|Any CPU
	EndGlobalSection
	GlobalSection(SolutionProperties) = preSolution
		HideSolutionNode = FALSE
	EndGlobalSection
	GlobalSection(ExtensibilityGlobals) = postSolution
		SolutionGuid = {08BFB0EE-18B1-49CE-845C-E43AAA1EC7F0}
	EndGlobalSection
EndGlobal
