
Microsoft Visual Studio Solution File, Format Version 12.00
# Visual Studio Version 17
VisualStudioVersion = 17.5.33516.290
MinimumVisualStudioVersion = 10.0.40219.1
Project("{FAE04EC0-301F-11D3-BF4B-00C04F79EFBC}") = "EFDatabaseFirstApp", "EFDatabaseFirstApp\EFDatabaseFirstApp.csproj", "{1E163E5F-03CD-45DD-A5D1-D44D84B1719C}"
EndProject
Global
	GlobalSection(SolutionConfigurationPlatforms) = preSolution
		Debug|Any CPU = Debug|Any CPU
		Release|Any CPU = Release|Any CPU
	EndGlobalSection
	GlobalSection(ProjectConfigurationPlatforms) = postSolution
		{1E163E5F-03CD-45DD-A5D1-D44D84B1719C}.Debug|Any CPU.ActiveCfg = Debug|Any CPU
		{1E163E5F-03CD-45DD-A5D1-D44D84B1719C}.Debug|Any CPU.Build.0 = Debug|Any CPU
		{1E163E5F-03CD-45DD-A5D1-D44D84B1719C}.Release|Any CPU.ActiveCfg = Release|Any CPU
		{1E163E5F-03CD-45DD-A5D1-D44D84B1719C}.Release|Any CPU.Build.0 = Release|Any CPU
	EndGlobalSection
	GlobalSection(SolutionProperties) = preSolution
		HideSolutionNode = FALSE
	EndGlobalSection
	GlobalSection(ExtensibilityGlobals) = postSolution
		SolutionGuid = {E722F425-C58E-4783-8F0F-5A4BF3B07DCE}
	EndGlobalSection
EndGlobal
