
Microsoft Visual Studio Solution File, Format Version 12.00
# Visual Studio Version 17
VisualStudioVersion = 17.5.33516.290
MinimumVisualStudioVersion = 10.0.40219.1
Project("{FAE04EC0-301F-11D3-BF4B-00C04F79EFBC}") = "UnderstandingOverridingApp", "UnderstandingOverridingApp\UnderstandingOverridingApp.csproj", "{2C808CCA-E56D-4FE8-8DE7-27A005E9B607}"
EndProject
Global
	GlobalSection(SolutionConfigurationPlatforms) = preSolution
		Debug|Any CPU = Debug|Any CPU
		Release|Any CPU = Release|Any CPU
	EndGlobalSection
	GlobalSection(ProjectConfigurationPlatforms) = postSolution
		{2C808CCA-E56D-4FE8-8DE7-27A005E9B607}.Debug|Any CPU.ActiveCfg = Debug|Any CPU
		{2C808CCA-E56D-4FE8-8DE7-27A005E9B607}.Debug|Any CPU.Build.0 = Debug|Any CPU
		{2C808CCA-E56D-4FE8-8DE7-27A005E9B607}.Release|Any CPU.ActiveCfg = Release|Any CPU
		{2C808CCA-E56D-4FE8-8DE7-27A005E9B607}.Release|Any CPU.Build.0 = Release|Any CPU
	EndGlobalSection
	GlobalSection(SolutionProperties) = preSolution
		HideSolutionNode = FALSE
	EndGlobalSection
	GlobalSection(ExtensibilityGlobals) = postSolution
		SolutionGuid = {F364A075-16BF-404A-8245-5949D618D0A4}
	EndGlobalSection
EndGlobal
