
Microsoft Visual Studio Solution File, Format Version 12.00
# Visual Studio Version 16
VisualStudioVersion = 16.0.32802.440
MinimumVisualStudioVersion = 10.0.40219.1
Project("{FAE04EC0-301F-11D3-BF4B-00C04F79EFBC}") = "UnderstandingTypesApp", "UnderstandingTypesApp\UnderstandingTypesApp.csproj", "{F5F037C6-0C00-4DF1-9018-42D44B0FCDF6}"
EndProject
Global
	GlobalSection(SolutionConfigurationPlatforms) = preSolution
		Debug|Any CPU = Debug|Any CPU
		Release|Any CPU = Release|Any CPU
	EndGlobalSection
	GlobalSection(ProjectConfigurationPlatforms) = postSolution
		{F5F037C6-0C00-4DF1-9018-42D44B0FCDF6}.Debug|Any CPU.ActiveCfg = Debug|Any CPU
		{F5F037C6-0C00-4DF1-9018-42D44B0FCDF6}.Debug|Any CPU.Build.0 = Debug|Any CPU
		{F5F037C6-0C00-4DF1-9018-42D44B0FCDF6}.Release|Any CPU.ActiveCfg = Release|Any CPU
		{F5F037C6-0C00-4DF1-9018-42D44B0FCDF6}.Release|Any CPU.Build.0 = Release|Any CPU
	EndGlobalSection
	GlobalSection(SolutionProperties) = preSolution
		HideSolutionNode = FALSE
	EndGlobalSection
	GlobalSection(ExtensibilityGlobals) = postSolution
		SolutionGuid = {B19110F1-4DEE-4CC0-8312-2411F17FB837}
	EndGlobalSection
EndGlobal
