
Microsoft Visual Studio Solution File, Format Version 12.00
# Visual Studio Version 16
VisualStudioVersion = 16.0.32802.440
MinimumVisualStudioVersion = 10.0.40219.1
Project("{9A19103F-16F7-4668-BE54-9A1E7A4F7556}") = "Api", "Api.csproj", "{6B87E6A4-852F-4D89-B1FC-C740B558011F}"
EndProject
Global
	GlobalSection(SolutionConfigurationPlatforms) = preSolution
		Debug|Any CPU = Debug|Any CPU
		Release|Any CPU = Release|Any CPU
	EndGlobalSection
	GlobalSection(ProjectConfigurationPlatforms) = postSolution
		{6B87E6A4-852F-4D89-B1FC-C740B558011F}.Debug|Any CPU.ActiveCfg = Debug|Any CPU
		{6B87E6A4-852F-4D89-B1FC-C740B558011F}.Debug|Any CPU.Build.0 = Debug|Any CPU
		{6B87E6A4-852F-4D89-B1FC-C740B558011F}.Release|Any CPU.ActiveCfg = Release|Any CPU
		{6B87E6A4-852F-4D89-B1FC-C740B558011F}.Release|Any CPU.Build.0 = Release|Any CPU
	EndGlobalSection
	GlobalSection(SolutionProperties) = preSolution
		HideSolutionNode = FALSE
	EndGlobalSection
	GlobalSection(ExtensibilityGlobals) = postSolution
		SolutionGuid = {4B541EB3-31DA-40AD-9736-0737C9BD3EA9}
	EndGlobalSection
EndGlobal
