
Microsoft Visual Studio Solution File, Format Version 12.00
# Visual Studio Version 17
VisualStudioVersion = 17.5.33516.290
MinimumVisualStudioVersion = 10.0.40219.1
Project("{FAE04EC0-301F-11D3-BF4B-00C04F79EFBC}") = "FirstAPI", "FirstAPI.csproj", "{71DC9A7D-26F2-4717-95BD-976D20D98D59}"
EndProject
Global
	GlobalSection(SolutionConfigurationPlatforms) = preSolution
		Debug|Any CPU = Debug|Any CPU
		Release|Any CPU = Release|Any CPU
	EndGlobalSection
	GlobalSection(ProjectConfigurationPlatforms) = postSolution
		{71DC9A7D-26F2-4717-95BD-976D20D98D59}.Debug|Any CPU.ActiveCfg = Debug|Any CPU
		{71DC9A7D-26F2-4717-95BD-976D20D98D59}.Debug|Any CPU.Build.0 = Debug|Any CPU
		{71DC9A7D-26F2-4717-95BD-976D20D98D59}.Release|Any CPU.ActiveCfg = Release|Any CPU
		{71DC9A7D-26F2-4717-95BD-976D20D98D59}.Release|Any CPU.Build.0 = Release|Any CPU
	EndGlobalSection
	GlobalSection(SolutionProperties) = preSolution
		HideSolutionNode = FALSE
	EndGlobalSection
	GlobalSection(ExtensibilityGlobals) = postSolution
		SolutionGuid = {651B99A2-0152-4435-8D1B-F9B357666C80}
	EndGlobalSection
EndGlobal
