
Microsoft Visual Studio Solution File, Format Version 12.00
# Visual Studio Version 16
VisualStudioVersion = 16.0.32802.440
MinimumVisualStudioVersion = 10.0.40219.1
Project("{9A19103F-16F7-4668-BE54-9A1E7A4F7556}") = "Web", "Web.csproj", "{BF718533-E6AA-4EF9-90B7-B8766ABF0FFB}"
EndProject
Global
	GlobalSection(SolutionConfigurationPlatforms) = preSolution
		Debug|Any CPU = Debug|Any CPU
		Release|Any CPU = Release|Any CPU
	EndGlobalSection
	GlobalSection(ProjectConfigurationPlatforms) = postSolution
		{BF718533-E6AA-4EF9-90B7-B8766ABF0FFB}.Debug|Any CPU.ActiveCfg = Debug|Any CPU
		{BF718533-E6AA-4EF9-90B7-B8766ABF0FFB}.Debug|Any CPU.Build.0 = Debug|Any CPU
		{BF718533-E6AA-4EF9-90B7-B8766ABF0FFB}.Release|Any CPU.ActiveCfg = Release|Any CPU
		{BF718533-E6AA-4EF9-90B7-B8766ABF0FFB}.Release|Any CPU.Build.0 = Release|Any CPU
	EndGlobalSection
	GlobalSection(SolutionProperties) = preSolution
		HideSolutionNode = FALSE
	EndGlobalSection
	GlobalSection(ExtensibilityGlobals) = postSolution
		SolutionGuid = {16CA468A-54AB-4F85-A81B-E10EFE147470}
	EndGlobalSection
EndGlobal
